{
    "_readme": [
        "This file locks the dependencies of your project to a known state",
        "Read more about it at https://getcomposer.org/doc/01-basic-usage.md#installing-dependencies",
        "This file is @generated automatically"
    ],
    "content-hash": "e5a7e923e40b06b4538982a739e5970d",
    "packages": [
        {
            "name": "provemark/c2pa-verifier",
            "version": "v0.4.0",
            "source": {
                "type": "git",
                "url": "https://github.com/provemark/c2pa-verifier.git",
                "reference": "324acf41e1ad2eb5102068e4450f73881a03da64"
            },
            "dist": {
                "type": "zip",
                "url": "https://api.github.com/repos/provemark/c2pa-verifier/zipball/324acf41e1ad2eb5102068e4450f73881a03da64",
                "reference": "324acf41e1ad2eb5102068e4450f73881a03da64",
                "shasum": ""
            },
            "require": {
                "ext-mbstring": "*",
                "ext-openssl": "*",
                "php": "^8.3"
            },
            "require-dev": {
                "deptrac/deptrac": "^4.7",
                "ext-phar": "*",
                "laravel/pint": "^1.32",
                "pestphp/pest": "^4.0",
                "phpstan/phpstan": "^2.2",
                "provemark/content-credentials": "^0.15"
            },
            "suggest": {
                "ext-sodium": "EdDSA (Ed25519) claim signatures: required on PHP 8.3, where ext-openssl cannot verify Ed25519; optional on PHP 8.4+ (SPEC-009 AC8, measured on CI 2026-09-21)"
            },
            "bin": [
                "bin/c2pa-verify"
            ],
            "type": "library",
            "autoload": {
                "psr-4": {
                    "Provemark\\C2paVerifier\\": "src/"
                }
            },
            "notification-url": "https://packagist.org/downloads/",
            "license": [
                "MIT"
            ],
            "authors": [
                {
                    "name": "Maurice van Loon"
                }
            ],
            "description": "Verifier for C2PA Content Credentials in pure PHP: JPEG, PNG, WebP and ISOBMFF, with c2patool's verdict. Read and verify only; no signing, no keys, no network.",
            "keywords": [
                "COSE",
                "c2pa",
                "cbor",
                "content-credentials",
                "jumbf",
                "provenance",
                "verifier"
            ],
            "support": {
                "issues": "https://github.com/provemark/c2pa-verifier/issues",
                "source": "https://github.com/provemark/c2pa-verifier/tree/v0.4.0"
            },
            "time": "2026-10-06T09:28:35+00:00"
        }
    ],
    "packages-dev": [],
    "aliases": [],
    "minimum-stability": "stable",
    "stability-flags": {},
    "prefer-stable": false,
    "prefer-lowest": false,
    "platform": {
        "php": "^8.3"
    },
    "platform-dev": {},
    "plugin-api-version": "2.9.0"
}
